
Microsoft Visual Studio Solution File, Format Version 12.00
# Visual Studio Version 18
VisualStudioVersion = 18.5.11723.231 stable
MinimumVisualStudioVersion = 10.0.40219.1
Project("{FAE04EC0-301F-11D3-BF4B-00C04F79EFBC}") = "Presentation", "Presentation\Presentation.csproj", "{20E7EC9C-64B7-46FC-ABD5-B07A7A3D6A46}"
EndProject
Project("{FAE04EC0-301F-11D3-BF4B-00C04F79EFBC}") = "Data", "Data\Data.csproj", "{47B5B39D-1421-49C1-B577-6AE568AB798E}"
EndProject
Project("{FAE04EC0-301F-11D3-BF4B-00C04F79EFBC}") = "Business", "Business\Business.csproj", "{FC4D284A-FA4D-4BE8-A3AD-BF5C1B9C7878}"
EndProject
Project("{FAE04EC0-301F-11D3-BF4B-00C04F79EFBC}") = "Domain", "Domain\Domain.csproj", "{246E90F4-041A-47DC-9767-1B12674B1677}"
EndProject
Global
	GlobalSection(SolutionConfigurationPlatforms) = preSolution
		Debug|Any CPU = Debug|Any CPU
		Release|Any CPU = Release|Any CPU
	EndGlobalSection
	GlobalSection(ProjectConfigurationPlatforms) = postSolution
		{20E7EC9C-64B7-46FC-ABD5-B07A7A3D6A46}.Debug|Any CPU.ActiveCfg = Debug|Any CPU
		{20E7EC9C-64B7-46FC-ABD5-B07A7A3D6A46}.Debug|Any CPU.Build.0 = Debug|Any CPU
		{20E7EC9C-64B7-46FC-ABD5-B07A7A3D6A46}.Release|Any CPU.ActiveCfg = Release|Any CPU
		{20E7EC9C-64B7-46FC-ABD5-B07A7A3D6A46}.Release|Any CPU.Build.0 = Release|Any CPU
		{47B5B39D-1421-49C1-B577-6AE568AB798E}.Debug|Any CPU.ActiveCfg = Debug|Any CPU
		{47B5B39D-1421-49C1-B577-6AE568AB798E}.Debug|Any CPU.Build.0 = Debug|Any CPU
		{47B5B39D-1421-49C1-B577-6AE568AB798E}.Release|Any CPU.ActiveCfg = Release|Any CPU
		{47B5B39D-1421-49C1-B577-6AE568AB798E}.Release|Any CPU.Build.0 = Release|Any CPU
		{FC4D284A-FA4D-4BE8-A3AD-BF5C1B9C7878}.Debug|Any CPU.ActiveCfg = Debug|Any CPU
		{FC4D284A-FA4D-4BE8-A3AD-BF5C1B9C7878}.Debug|Any CPU.Build.0 = Debug|Any CPU
		{FC4D284A-FA4D-4BE8-A3AD-BF5C1B9C7878}.Release|Any CPU.ActiveCfg = Release|Any CPU
		{FC4D284A-FA4D-4BE8-A3AD-BF5C1B9C7878}.Release|Any CPU.Build.0 = Release|Any CPU
		{246E90F4-041A-47DC-9767-1B12674B1677}.Debug|Any CPU.ActiveCfg = Debug|Any CPU
		{246E90F4-041A-47DC-9767-1B12674B1677}.Debug|Any CPU.Build.0 = Debug|Any CPU
		{246E90F4-041A-47DC-9767-1B12674B1677}.Release|Any CPU.ActiveCfg = Release|Any CPU
		{246E90F4-041A-47DC-9767-1B12674B1677}.Release|Any CPU.Build.0 = Release|Any CPU
	EndGlobalSection
	GlobalSection(SolutionProperties) = preSolution
		HideSolutionNode = FALSE
	EndGlobalSection
	GlobalSection(ExtensibilityGlobals) = postSolution
		SolutionGuid = {A6200371-C437-4B38-89F5-70FEDA1B6054}
	EndGlobalSection
EndGlobal
